
Microsoft Visual Studio Solution File, Format Version 12.00
# Visual Studio Version 17
VisualStudioVersion = 17.3.32804.467
MinimumVisualStudioVersion = 10.0.40219.1
Project("{FAE04EC0-301F-11D3-BF4B-00C04F79EFBC}") = "Lab5_3", "Lab5_3\Lab5_3.csproj", "{80DA6449-F459-4708-85D8-4AAB1B6CA23F}"
EndProject
Global
	GlobalSection(SolutionConfigurationPlatforms) = preSolution
		Debug|Any CPU = Debug|Any CPU
		Release|Any CPU = Release|Any CPU
	EndGlobalSection
	GlobalSection(ProjectConfigurationPlatforms) = postSolution
		{80DA6449-F459-4708-85D8-4AAB1B6CA23F}.Debug|Any CPU.ActiveCfg = Debug|Any CPU
		{80DA6449-F459-4708-85D8-4AAB1B6CA23F}.Debug|Any CPU.Build.0 = Debug|Any CPU
		{80DA6449-F459-4708-85D8-4AAB1B6CA23F}.Release|Any CPU.ActiveCfg = Release|Any CPU
		{80DA6449-F459-4708-85D8-4AAB1B6CA23F}.Release|Any CPU.Build.0 = Release|Any CPU
	EndGlobalSection
	GlobalSection(SolutionProperties) = preSolution
		HideSolutionNode = FALSE
	EndGlobalSection
	GlobalSection(ExtensibilityGlobals) = postSolution
		SolutionGuid = {46D63676-47E4-4B17-8203-F5D0453261DF}
	EndGlobalSection
EndGlobal
