
Microsoft Visual Studio Solution File, Format Version 12.00
# Visual Studio Version 17
VisualStudioVersion = 17.7.34003.232
MinimumVisualStudioVersion = 10.0.40219.1
Project("{FAE04EC0-301F-11D3-BF4B-00C04F79EFBC}") = "LAB3-2", "LAB3-2\LAB3-2.csproj", "{12E5AF06-933C-4DF4-BF25-3239EF2B739E}"
EndProject
Global
	GlobalSection(SolutionConfigurationPlatforms) = preSolution
		Debug|Any CPU = Debug|Any CPU
		Release|Any CPU = Release|Any CPU
	EndGlobalSection
	GlobalSection(ProjectConfigurationPlatforms) = postSolution
		{12E5AF06-933C-4DF4-BF25-3239EF2B739E}.Debug|Any CPU.ActiveCfg = Debug|Any CPU
		{12E5AF06-933C-4DF4-BF25-3239EF2B739E}.Debug|Any CPU.Build.0 = Debug|Any CPU
		{12E5AF06-933C-4DF4-BF25-3239EF2B739E}.Release|Any CPU.ActiveCfg = Release|Any CPU
		{12E5AF06-933C-4DF4-BF25-3239EF2B739E}.Release|Any CPU.Build.0 = Release|Any CPU
	EndGlobalSection
	GlobalSection(SolutionProperties) = preSolution
		HideSolutionNode = FALSE
	EndGlobalSection
	GlobalSection(ExtensibilityGlobals) = postSolution
		SolutionGuid = {A200E231-A04E-4F16-AF55-6EA417B05E9D}
	EndGlobalSection
EndGlobal
